
Microsoft Visual Studio Solution File, Format Version 12.00
# Visual Studio 15
VisualStudioVersion = 15.0.27428.2043
MinimumVisualStudioVersion = 10.0.40219.1
Project("{FAE04EC0-301F-11D3-BF4B-00C04F79EFBC}") = "HaE Racing Analytics", "HaE Racing Analytics\HaE Racing Analytics.csproj", "{DC454434-4497-4F20-AEEB-F4A36B775A4D}"
EndProject
Project("{D954291E-2A0B-460D-934E-DC6B0785DB48}") = "HaE Visualization", "..\..\..\MDK_Projects\Shared Projects\HaE Visualization\HaE Visualization.shproj", "{F97D848C-73A1-455C-8A8D-5C546C45D2ED}"
EndProject
Project("{D954291E-2A0B-460D-934E-DC6B0785DB48}") = "HaE Serialization", "..\..\..\MDK_Projects\Shared Projects\HaE Serialization\HaE Serialization.shproj", "{633D8B24-4B3B-4C26-9480-DBA498CC7831}"
EndProject
Project("{D954291E-2A0B-460D-934E-DC6B0785DB48}") = "HaE Timing", "..\..\..\MDK_Projects\Shared Projects\HaE Timing\HaE Timing.shproj", "{36C0DEEB-8ADE-4156-AEA7-9DF3C620F474}"
EndProject
Global
	GlobalSection(SharedMSBuildProjectFiles) = preSolution
		..\..\..\MDK_Projects\Shared Projects\HaE Timing\HaE Timing.projitems*{36c0deeb-8ade-4156-aea7-9df3c620f474}*SharedItemsImports = 13
		..\..\..\MDK_Projects\Shared Projects\HaE Serialization\HaE Serialization.projitems*{633d8b24-4b3b-4c26-9480-dba498cc7831}*SharedItemsImports = 13
		..\..\..\MDK_Projects\Shared Projects\HaE Serialization\HaE Serialization.projitems*{dc454434-4497-4f20-aeeb-f4a36b775a4d}*SharedItemsImports = 4
		..\..\..\MDK_Projects\Shared Projects\HaE Timing\HaE Timing.projitems*{dc454434-4497-4f20-aeeb-f4a36b775a4d}*SharedItemsImports = 4
		..\..\..\MDK_Projects\Shared Projects\HaE Visualization\HaE Visualization.projitems*{dc454434-4497-4f20-aeeb-f4a36b775a4d}*SharedItemsImports = 4
		..\..\..\MDK_Projects\Shared Projects\HaE Visualization\HaE Visualization.projitems*{f97d848c-73a1-455c-8a8d-5c546c45d2ed}*SharedItemsImports = 13
	EndGlobalSection
	GlobalSection(SolutionConfigurationPlatforms) = preSolution
		Debug|x64 = Debug|x64
	EndGlobalSection
	GlobalSection(ProjectConfigurationPlatforms) = postSolution
		{DC454434-4497-4F20-AEEB-F4A36B775A4D}.Debug|x64.ActiveCfg = Debug|x64
		{DC454434-4497-4F20-AEEB-F4A36B775A4D}.Debug|x64.Build.0 = Debug|x64
	EndGlobalSection
	GlobalSection(SolutionProperties) = preSolution
		HideSolutionNode = FALSE
	EndGlobalSection
	GlobalSection(ExtensibilityGlobals) = postSolution
		SolutionGuid = {B8505A27-50BE-4E17-AD02-43217BA0B453}
	EndGlobalSection
EndGlobal
